
Microsoft Visual Studio Solution File, Format Version 12.00
# Visual Studio Version 17
VisualStudioVersion = 17.2.32505.173
MinimumVisualStudioVersion = 10.0.40219.1
Project("{9A19103F-16F7-4668-BE54-9A1E7A4F7556}") = "Assinment1", "Assinment1\Assinment1.csproj", "{7E33B414-4C55-4DC2-A2D0-1A8E85D173E6}"
EndProject
Project("{9A19103F-16F7-4668-BE54-9A1E7A4F7556}") = "Unboxing", "Unboxing\Unboxing.csproj", "{F3C6303B-65DB-414B-AA06-101919446F07}"
EndProject
Project("{9A19103F-16F7-4668-BE54-9A1E7A4F7556}") = "Laregestnum", "Laregestnum\Laregestnum.csproj", "{4123944F-C844-4775-9B6F-D73823F4F0CF}"
EndProject
Project("{9A19103F-16F7-4668-BE54-9A1E7A4F7556}") = "oddnums", "oddnums\oddnums.csproj", "{E2670377-7833-40AD-AE2B-BBAC6AEC3F28}"
EndProject
Project("{9A19103F-16F7-4668-BE54-9A1E7A4F7556}") = "Methodloading", "Methodloading\Methodloading.csproj", "{FB17276A-FB25-4657-8BA6-831CCE8BBC0F}"
EndProject
Project("{9A19103F-16F7-4668-BE54-9A1E7A4F7556}") = "Arryali", "Arryali\Arryali.csproj", "{31319FF8-49D6-41A1-BAAF-4CFAB0254E37}"
EndProject
Project("{9A19103F-16F7-4668-BE54-9A1E7A4F7556}") = "overloading", "overloading\overloading.csproj", "{8943490A-AC10-4A3A-B5A0-F57F5153CBD2}"
EndProject
Project("{9A19103F-16F7-4668-BE54-9A1E7A4F7556}") = "interfaceproject", "interfaceproject\interfaceproject.csproj", "{41941CF6-EB2C-456C-B04A-D4F24A34BB81}"
EndProject
Project("{9A19103F-16F7-4668-BE54-9A1E7A4F7556}") = "generic_concept", "generic_concept\generic_concept.csproj", "{FE2EBC46-87C9-4419-90D3-3AB8D6A9B323}"
EndProject
Project("{FAE04EC0-301F-11D3-BF4B-00C04F79EFBC}") = "Student", "Student\Student.csproj", "{3A4E0D40-7C63-4420-980F-CDEA368EB213}"
EndProject
Global
	GlobalSection(SolutionConfigurationPlatforms) = preSolution
		Debug|Any CPU = Debug|Any CPU
		Release|Any CPU = Release|Any CPU
	EndGlobalSection
	GlobalSection(ProjectConfigurationPlatforms) = postSolution
		{7E33B414-4C55-4DC2-A2D0-1A8E85D173E6}.Debug|Any CPU.ActiveCfg = Debug|Any CPU
		{7E33B414-4C55-4DC2-A2D0-1A8E85D173E6}.Debug|Any CPU.Build.0 = Debug|Any CPU
		{7E33B414-4C55-4DC2-A2D0-1A8E85D173E6}.Release|Any CPU.ActiveCfg = Release|Any CPU
		{7E33B414-4C55-4DC2-A2D0-1A8E85D173E6}.Release|Any CPU.Build.0 = Release|Any CPU
		{F3C6303B-65DB-414B-AA06-101919446F07}.Debug|Any CPU.ActiveCfg = Debug|Any CPU
		{F3C6303B-65DB-414B-AA06-101919446F07}.Debug|Any CPU.Build.0 = Debug|Any CPU
		{F3C6303B-65DB-414B-AA06-101919446F07}.Release|Any CPU.ActiveCfg = Release|Any CPU
		{F3C6303B-65DB-414B-AA06-101919446F07}.Release|Any CPU.Build.0 = Release|Any CPU
		{4123944F-C844-4775-9B6F-D73823F4F0CF}.Debug|Any CPU.ActiveCfg = Debug|Any CPU
		{4123944F-C844-4775-9B6F-D73823F4F0CF}.Debug|Any CPU.Build.0 = Debug|Any CPU
		{4123944F-C844-4775-9B6F-D73823F4F0CF}.Release|Any CPU.ActiveCfg = Release|Any CPU
		{4123944F-C844-4775-9B6F-D73823F4F0CF}.Release|Any CPU.Build.0 = Release|Any CPU
		{E2670377-7833-40AD-AE2B-BBAC6AEC3F28}.Debug|Any CPU.ActiveCfg = Debug|Any CPU
		{E2670377-7833-40AD-AE2B-BBAC6AEC3F28}.Debug|Any CPU.Build.0 = Debug|Any CPU
		{E2670377-7833-40AD-AE2B-BBAC6AEC3F28}.Release|Any CPU.ActiveCfg = Release|Any CPU
		{E2670377-7833-40AD-AE2B-BBAC6AEC3F28}.Release|Any CPU.Build.0 = Release|Any CPU
		{FB17276A-FB25-4657-8BA6-831CCE8BBC0F}.Debug|Any CPU.ActiveCfg = Debug|Any CPU
		{FB17276A-FB25-4657-8BA6-831CCE8BBC0F}.Debug|Any CPU.Build.0 = Debug|Any CPU
		{FB17276A-FB25-4657-8BA6-831CCE8BBC0F}.Release|Any CPU.ActiveCfg = Release|Any CPU
		{FB17276A-FB25-4657-8BA6-831CCE8BBC0F}.Release|Any CPU.Build.0 = Release|Any CPU
		{31319FF8-49D6-41A1-BAAF-4CFAB0254E37}.Debug|Any CPU.ActiveCfg = Debug|Any CPU
		{31319FF8-49D6-41A1-BAAF-4CFAB0254E37}.Debug|Any CPU.Build.0 = Debug|Any CPU
		{31319FF8-49D6-41A1-BAAF-4CFAB0254E37}.Release|Any CPU.ActiveCfg = Release|Any CPU
		{31319FF8-49D6-41A1-BAAF-4CFAB0254E37}.Release|Any CPU.Build.0 = Release|Any CPU
		{8943490A-AC10-4A3A-B5A0-F57F5153CBD2}.Debug|Any CPU.ActiveCfg = Debug|Any CPU
		{8943490A-AC10-4A3A-B5A0-F57F5153CBD2}.Debug|Any CPU.Build.0 = Debug|Any CPU
		{8943490A-AC10-4A3A-B5A0-F57F5153CBD2}.Release|Any CPU.ActiveCfg = Release|Any CPU
		{8943490A-AC10-4A3A-B5A0-F57F5153CBD2}.Release|Any CPU.Build.0 = Release|Any CPU
		{41941CF6-EB2C-456C-B04A-D4F24A34BB81}.Debug|Any CPU.ActiveCfg = Debug|Any CPU
		{41941CF6-EB2C-456C-B04A-D4F24A34BB81}.Debug|Any CPU.Build.0 = Debug|Any CPU
		{41941CF6-EB2C-456C-B04A-D4F24A34BB81}.Release|Any CPU.ActiveCfg = Release|Any CPU
		{41941CF6-EB2C-456C-B04A-D4F24A34BB81}.Release|Any CPU.Build.0 = Release|Any CPU
		{FE2EBC46-87C9-4419-90D3-3AB8D6A9B323}.Debug|Any CPU.ActiveCfg = Debug|Any CPU
		{FE2EBC46-87C9-4419-90D3-3AB8D6A9B323}.Debug|Any CPU.Build.0 = Debug|Any CPU
		{FE2EBC46-87C9-4419-90D3-3AB8D6A9B323}.Release|Any CPU.ActiveCfg = Release|Any CPU
		{FE2EBC46-87C9-4419-90D3-3AB8D6A9B323}.Release|Any CPU.Build.0 = Release|Any CPU
		{3A4E0D40-7C63-4420-980F-CDEA368EB213}.Debug|Any CPU.ActiveCfg = Debug|Any CPU
		{3A4E0D40-7C63-4420-980F-CDEA368EB213}.Debug|Any CPU.Build.0 = Debug|Any CPU
		{3A4E0D40-7C63-4420-980F-CDEA368EB213}.Release|Any CPU.ActiveCfg = Release|Any CPU
		{3A4E0D40-7C63-4420-980F-CDEA368EB213}.Release|Any CPU.Build.0 = Release|Any CPU
	EndGlobalSection
	GlobalSection(SolutionProperties) = preSolution
		HideSolutionNode = FALSE
	EndGlobalSection
	GlobalSection(ExtensibilityGlobals) = postSolution
		SolutionGuid = {760E0B2B-856C-48E9-B6B5-AC0B17016A43}
	EndGlobalSection
EndGlobal
